
Microsoft Visual Studio Solution File, Format Version 12.00
# Visual Studio 15
VisualStudioVersion = 15.0.27130.2010
MinimumVisualStudioVersion = 10.0.40219.1
Project("{2150E333-8FDC-42A3-9474-1A3956D46DE8}") = "scr", "scr", "{A22A02E7-92B0-4C0A-8576-2B4A2F064952}"
EndProject
Project("{2150E333-8FDC-42A3-9474-1A3956D46DE8}") = "test", "test", "{BB262548-9C9F-44D5-920F-5B4ED5C246B0}"
EndProject
Project("{2150E333-8FDC-42A3-9474-1A3956D46DE8}") = "XCore", "XCore", "{4C6A1CEE-EE77-44EB-B374-43D6D27BF6A4}"
EndProject
Project("{2150E333-8FDC-42A3-9474-1A3956D46DE8}") = "Modular", "Modular", "{BA22152E-D283-4CB1-85FB-8F9EB6B4FEB7}"
EndProject
Project("{2150E333-8FDC-42A3-9474-1A3956D46DE8}") = "XCore.Modules", "XCore.Modules", "{CA55674E-52DD-472C-B8AD-2611D2EC47AC}"
EndProject
Project("{9A19103F-16F7-4668-BE54-9A1E7A4F7556}") = "XCore.Modules.Abstractions", "src\XCore\XCore.Modules.Abstractions\XCore.Modules.Abstractions.csproj", "{22B4990E-806F-43FC-868A-9B1BD5290E6F}"
EndProject
Project("{9A19103F-16F7-4668-BE54-9A1E7A4F7556}") = "XCore.Mvc", "src\XCore.Modules\XCore.Mvc\XCore.Mvc.csproj", "{86B80E18-A8C5-4648-B237-584156ACDAF8}"
EndProject
Project("{9A19103F-16F7-4668-BE54-9A1E7A4F7556}") = "XCore.Modules", "src\XCore\XCore.Modules\XCore.Modules.csproj", "{15EA25CA-43A5-4DF9-A1EB-34124555FC99}"
EndProject
Project("{9A19103F-16F7-4668-BE54-9A1E7A4F7556}") = "XCore.Environment.Extensions", "src\XCore\XCore.Environment.Extensions\XCore.Environment.Extensions.csproj", "{D396518F-C384-427C-89DB-106A9A52D49A}"
EndProject
Project("{9A19103F-16F7-4668-BE54-9A1E7A4F7556}") = "XCore.Environment.Extensions.Abstractions", "src\XCore\XCore.Environment.Extensions.Abstractions\XCore.Environment.Extensions.Abstractions.csproj", "{81659BC8-6D6E-431F-B660-F4A8AE50BC39}"
EndProject
Project("{9A19103F-16F7-4668-BE54-9A1E7A4F7556}") = "XCore.Mvc.Abstractions", "src\XCore\XCore.Mvc.Abstractions\XCore.Mvc.Abstractions.csproj", "{A65A532C-1EB9-463A-A628-1AD90182DA4F}"
EndProject
Project("{9A19103F-16F7-4668-BE54-9A1E7A4F7556}") = "XCore.Mvc.Core", "src\XCore\XCore.Mvc.Core\XCore.Mvc.Core.csproj", "{7D013A3F-64EE-4A35-9E43-D6530EF1EF09}"
EndProject
Project("{2150E333-8FDC-42A3-9474-1A3956D46DE8}") = "Base", "Base", "{60896CB6-9C91-4F42-9E58-9862E48EEA34}"
EndProject
Project("{9A19103F-16F7-4668-BE54-9A1E7A4F7556}") = "XCore.Parser.Yaml", "src\XCore\XCore.Parser.Yaml\XCore.Parser.Yaml.csproj", "{5C50C609-96CA-4526-B9BF-D40C80ECFBA1}"
EndProject
Project("{9A19103F-16F7-4668-BE54-9A1E7A4F7556}") = "XCore.Environment.Shell.Abstractions", "src\XCore\XCore.Environment.Shell.Abstractions\XCore.Environment.Shell.Abstractions.csproj", "{155C9AD4-3C8F-4AD9-9D1D-6FA9A6A151D7}"
EndProject
Project("{9A19103F-16F7-4668-BE54-9A1E7A4F7556}") = "XCore.Environment.Shell", "src\XCore\XCore.Environment.Shell\XCore.Environment.Shell.csproj", "{1C3CF585-4B3F-424D-8E9B-570D4FE6EDA4}"
EndProject
Project("{9A19103F-16F7-4668-BE54-9A1E7A4F7556}") = "XCore.DeferredTasks.Abstractions", "src\XCore\XCore.DeferredTasks.Abstractions\XCore.DeferredTasks.Abstractions.csproj", "{D18DDACC-0083-4474-9CF2-1F438BC537BC}"
EndProject
Project("{9A19103F-16F7-4668-BE54-9A1E7A4F7556}") = "XCore.DeferredTasks", "src\XCore\XCore.DeferredTasks\XCore.DeferredTasks.csproj", "{C065FC03-B498-41FC-BF0F-04FEDD544BC3}"
EndProject
Project("{9A19103F-16F7-4668-BE54-9A1E7A4F7556}") = "XCore.Security.Abstractions", "src\XCore\XCore.Security.Abstractions\XCore.Security.Abstractions.csproj", "{D6E5B52C-9456-41E1-9EE8-1EDC42C2F475}"
EndProject
Project("{9A19103F-16F7-4668-BE54-9A1E7A4F7556}") = "XCore.Security", "src\XCore\XCore.Security\XCore.Security.csproj", "{1D6555A7-A2B4-4908-879D-0DD26FC0FC02}"
EndProject
Project("{9A19103F-16F7-4668-BE54-9A1E7A4F7556}") = "XCore.Entities", "src\XCore\XCore.Entities\XCore.Entities.csproj", "{E222DB77-F2D7-402B-97E0-83A32380D5AB}"
EndProject
Project("{9A19103F-16F7-4668-BE54-9A1E7A4F7556}") = "XCore.Navigation", "src\XCore\XCore.Navigation\XCore.Navigation.csproj", "{267B6FE8-D7B2-483A-AB7A-92E914EA998D}"
EndProject
Project("{9A19103F-16F7-4668-BE54-9A1E7A4F7556}") = "XCore.Linq", "src\XCore\XCore.Linq\XCore.Linq.csproj", "{7B694536-9590-4143-B8FC-646522061AEC}"
EndProject
Project("{9A19103F-16F7-4668-BE54-9A1E7A4F7556}") = "XCore.EntityFrameworkCore", "src\XCore\XCore.EntityFrameworkCore\XCore.EntityFrameworkCore.csproj", "{9003D3F1-BB74-426D-8981-81F96AE716EA}"
EndProject
Project("{9A19103F-16F7-4668-BE54-9A1E7A4F7556}") = "XCore.Logging.NLog", "src\XCore\XCore.Logging.NLog\XCore.Logging.NLog.csproj", "{7CF2647D-F718-4322-8305-EF079649F62B}"
EndProject
Project("{9A19103F-16F7-4668-BE54-9A1E7A4F7556}") = "XCore.Commons", "src\XCore.Modules\XCore.Commons\XCore.Commons.csproj", "{8F17F99D-EBEF-4F75-A1BA-9028B1AB64A6}"
EndProject
Project("{9A19103F-16F7-4668-BE54-9A1E7A4F7556}") = "XCore.BackgroundTasks.Abstractions", "src\XCore\XCore.BackgroundTasks.Abstractions\XCore.BackgroundTasks.Abstractions.csproj", "{193239FD-6391-4F29-B1CF-63C5400E5BDF}"
EndProject
Project("{9A19103F-16F7-4668-BE54-9A1E7A4F7556}") = "XCore.BackgroundTasks", "src\XCore\XCore.BackgroundTasks\XCore.BackgroundTasks.csproj", "{89D29BD0-89A3-4ED3-9392-22DB744A8AB0}"
EndProject
Project("{2150E333-8FDC-42A3-9474-1A3956D46DE8}") = "Targets", "Targets", "{55076957-E554-4451-9DA9-34766675EE8C}"
EndProject
Project("{9A19103F-16F7-4668-BE54-9A1E7A4F7556}") = "XCore.Module.Targets", "src\XCore\XCore.Module.Targets\XCore.Module.Targets.csproj", "{B71EA776-82F4-4760-8E45-EF639178C729}"
EndProject
Project("{9A19103F-16F7-4668-BE54-9A1E7A4F7556}") = "XCore.Application.Targets", "src\XCore\XCore.Application.Targets\XCore.Application.Targets.csproj", "{BE1F7841-6727-4780-97E2-8B7D9A37593D}"
EndProject
Project("{9A19103F-16F7-4668-BE54-9A1E7A4F7556}") = "XCore.Application.Mvc.Targets", "src\XCore\XCore.Application.Mvc.Targets\XCore.Application.Mvc.Targets.csproj", "{FFF6BCF2-F670-4637-9088-FA3963DF1B16}"
EndProject
Project("{2150E333-8FDC-42A3-9474-1A3956D46DE8}") = "辅助", "辅助", "{3430F126-07B1-4FA0-814D-3F0D47B15D1C}"
EndProject
Project("{9A19103F-16F7-4668-BE54-9A1E7A4F7556}") = "XCore.Web.Common", "src\XCore\XCore.Web.Common\XCore.Web.Common.csproj", "{1FAB2680-C8D0-48BA-BBF5-6E9AC1601040}"
EndProject
Project("{9A19103F-16F7-4668-BE54-9A1E7A4F7556}") = "XCore.Common", "src\XCore\XCore.Common\XCore.Common.csproj", "{781BA505-8165-4DDB-BF05-29D1972A2175}"
EndProject
Project("{2150E333-8FDC-42A3-9474-1A3956D46DE8}") = "Domain", "Domain", "{4E6A0D30-62CA-49A7-942B-1A7F5852A92A}"
EndProject
Project("{2150E333-8FDC-42A3-9474-1A3956D46DE8}") = "Framework", "Framework", "{604A6330-9819-4CB1-AABF-EE5151F8011B}"
EndProject
Project("{9A19103F-16F7-4668-BE54-9A1E7A4F7556}") = "XCore.ResourceManagement.Abstractions", "src\XCore\XCore.ResourceManagement.Abstractions\XCore.ResourceManagement.Abstractions.csproj", "{588F736D-7033-49FF-B67C-8FE14ACC7DEA}"
EndProject
Project("{9A19103F-16F7-4668-BE54-9A1E7A4F7556}") = "XCore.ResourceManagement", "src\XCore\XCore.ResourceManagement\XCore.ResourceManagement.csproj", "{9A0C84BB-DDE9-42B4-B93F-1F2660AEFAAE}"
EndProject
Project("{9A19103F-16F7-4668-BE54-9A1E7A4F7556}") = "XCore.Diagnostics.Elm", "src\XCore.Modules\XCore.Diagnostics.Elm\XCore.Diagnostics.Elm.csproj", "{BF5AE0CC-4485-4C7A-AE81-3E1B55006E2F}"
EndProject
Project("{9A19103F-16F7-4668-BE54-9A1E7A4F7556}") = "XCore.Mvc.Authorization", "src\XCore\XCore.Mvc.Authorization\XCore.Mvc.Authorization.csproj", "{9A825C7A-82F6-446E-B5A5-848661EF90B8}"
EndProject
Project("{9A19103F-16F7-4668-BE54-9A1E7A4F7556}") = "XCore.Identity.Core", "src\XCore\XCore.Identity.Core\XCore.Identity.Core.csproj", "{9DED3E2C-6805-44DB-B4AE-E5436CDD24B3}"
EndProject
Project("{9A19103F-16F7-4668-BE54-9A1E7A4F7556}") = "XCore.Article.Core", "src\XCore\XCore.Article.Core\XCore.Article.Core.csproj", "{E692EB6D-3F1F-4C15-8777-690D54455932}"
EndProject
Project("{9A19103F-16F7-4668-BE54-9A1E7A4F7556}") = "XCore.Tree.Core", "src\XCore\XCore.Tree.Core\XCore.Tree.Core.csproj", "{5937E8DF-3164-4F80-AF4E-BB351E267113}"
EndProject
Project("{2150E333-8FDC-42A3-9474-1A3956D46DE8}") = "EntityFrameworkCore", "EntityFrameworkCore", "{64324BB2-C770-46BD-853E-E075D64A5BB3}"
EndProject
Project("{9A19103F-16F7-4668-BE54-9A1E7A4F7556}") = "XCore.Article.EntityFrameworkCore", "src\XCore\XCore.Article.EntityFrameworkCore\XCore.Article.EntityFrameworkCore.csproj", "{DD08793A-6B10-4F53-9456-0739C0106CF4}"
EndProject
Project("{9A19103F-16F7-4668-BE54-9A1E7A4F7556}") = "XCore.Identity.EntityFrameworkCore", "src\XCore\XCore.Identity.EntityFrameworkCore\XCore.Identity.EntityFrameworkCore.csproj", "{B376D2E2-9C8E-4ED2-A093-870CA368289B}"
EndProject
Project("{9A19103F-16F7-4668-BE54-9A1E7A4F7556}") = "XCore.Article", "src\XCore.Modules\XCore.Article\XCore.Article.csproj", "{12CA991B-404D-422B-B372-72D6FFE8CCD0}"
EndProject
Project("{9A19103F-16F7-4668-BE54-9A1E7A4F7556}") = "XCore.Identity", "src\XCore.Modules\XCore.Identity\XCore.Identity.csproj", "{C8259686-2FF0-4FDF-AAD4-5989F17523C5}"
EndProject
Project("{2150E333-8FDC-42A3-9474-1A3956D46DE8}") = "Demo", "Demo", "{39659AEB-30CD-483C-837A-C1D4DDB0AADE}"
EndProject
Project("{2150E333-8FDC-42A3-9474-1A3956D46DE8}") = "Demo.Modules", "Demo.Modules", "{0A9C407F-0BEF-4177-BFBE-C2B9CB3DC8FF}"
EndProject
Project("{9A19103F-16F7-4668-BE54-9A1E7A4F7556}") = "XCore.Mvc.Admin", "src\Dome.Modules\XCore.Mvc.Admin\XCore.Mvc.Admin.csproj", "{83D72377-7114-443C-A313-29FE116BC057}"
EndProject
Project("{9A19103F-16F7-4668-BE54-9A1E7A4F7556}") = "XCore.Mvc.HelloWorld", "src\Dome.Modules\XCore.Mvc.HelloWorld\XCore.Mvc.HelloWorld.csproj", "{3AC7D654-9F06-40FA-9A33-F34E123C45E6}"
EndProject
Project("{9A19103F-16F7-4668-BE54-9A1E7A4F7556}") = "XCore.Mvc.Test", "src\Dome.Modules\XCore.Mvc.Test\XCore.Mvc.Test.csproj", "{A704FE72-7D5B-4865-995E-11AE93AAED98}"
EndProject
Project("{9A19103F-16F7-4668-BE54-9A1E7A4F7556}") = "XCore.Mvc.Web", "src\Dome\XCore.Mvc.Web\XCore.Mvc.Web.csproj", "{A3A30B6D-C623-4148-9EC4-41CAB2F7BB25}"
EndProject
Project("{9A19103F-16F7-4668-BE54-9A1E7A4F7556}") = "XCore.Tree", "src\XCore.Modules\XCore.Tree\XCore.Tree.csproj", "{E2C7CE7A-13EA-4C8E-ACB1-54C6AA2253F7}"
EndProject
Project("{9A19103F-16F7-4668-BE54-9A1E7A4F7556}") = "XCore.UEditor", "src\XCore.Modules\XCore.UEditor\XCore.UEditor.csproj", "{22B11074-3039-4E9A-8691-C5B03638EB72}"
EndProject
Project("{9A19103F-16F7-4668-BE54-9A1E7A4F7556}") = "XCore.Migrator", "src\Dome.Modules\XCore.Migrator\XCore.Migrator.csproj", "{C6C108B9-8493-4BA0-B420-4ED180EB149D}"
EndProject
Global
	GlobalSection(SolutionConfigurationPlatforms) = preSolution
		Debug|Any CPU = Debug|Any CPU
		Release|Any CPU = Release|Any CPU
	EndGlobalSection
	GlobalSection(ProjectConfigurationPlatforms) = postSolution
		{22B4990E-806F-43FC-868A-9B1BD5290E6F}.Debug|Any CPU.ActiveCfg = Debug|Any CPU
		{22B4990E-806F-43FC-868A-9B1BD5290E6F}.Debug|Any CPU.Build.0 = Debug|Any CPU
		{22B4990E-806F-43FC-868A-9B1BD5290E6F}.Release|Any CPU.ActiveCfg = Release|Any CPU
		{22B4990E-806F-43FC-868A-9B1BD5290E6F}.Release|Any CPU.Build.0 = Release|Any CPU
		{86B80E18-A8C5-4648-B237-584156ACDAF8}.Debug|Any CPU.ActiveCfg = Debug|Any CPU
		{86B80E18-A8C5-4648-B237-584156ACDAF8}.Debug|Any CPU.Build.0 = Debug|Any CPU
		{86B80E18-A8C5-4648-B237-584156ACDAF8}.Release|Any CPU.ActiveCfg = Release|Any CPU
		{86B80E18-A8C5-4648-B237-584156ACDAF8}.Release|Any CPU.Build.0 = Release|Any CPU
		{15EA25CA-43A5-4DF9-A1EB-34124555FC99}.Debug|Any CPU.ActiveCfg = Debug|Any CPU
		{15EA25CA-43A5-4DF9-A1EB-34124555FC99}.Debug|Any CPU.Build.0 = Debug|Any CPU
		{15EA25CA-43A5-4DF9-A1EB-34124555FC99}.Release|Any CPU.ActiveCfg = Release|Any CPU
		{15EA25CA-43A5-4DF9-A1EB-34124555FC99}.Release|Any CPU.Build.0 = Release|Any CPU
		{D396518F-C384-427C-89DB-106A9A52D49A}.Debug|Any CPU.ActiveCfg = Debug|Any CPU
		{D396518F-C384-427C-89DB-106A9A52D49A}.Debug|Any CPU.Build.0 = Debug|Any CPU
		{D396518F-C384-427C-89DB-106A9A52D49A}.Release|Any CPU.ActiveCfg = Release|Any CPU
		{D396518F-C384-427C-89DB-106A9A52D49A}.Release|Any CPU.Build.0 = Release|Any CPU
		{81659BC8-6D6E-431F-B660-F4A8AE50BC39}.Debug|Any CPU.ActiveCfg = Debug|Any CPU
		{81659BC8-6D6E-431F-B660-F4A8AE50BC39}.Debug|Any CPU.Build.0 = Debug|Any CPU
		{81659BC8-6D6E-431F-B660-F4A8AE50BC39}.Release|Any CPU.ActiveCfg = Release|Any CPU
		{81659BC8-6D6E-431F-B660-F4A8AE50BC39}.Release|Any CPU.Build.0 = Release|Any CPU
		{A65A532C-1EB9-463A-A628-1AD90182DA4F}.Debug|Any CPU.ActiveCfg = Debug|Any CPU
		{A65A532C-1EB9-463A-A628-1AD90182DA4F}.Debug|Any CPU.Build.0 = Debug|Any CPU
		{A65A532C-1EB9-463A-A628-1AD90182DA4F}.Release|Any CPU.ActiveCfg = Release|Any CPU
		{A65A532C-1EB9-463A-A628-1AD90182DA4F}.Release|Any CPU.Build.0 = Release|Any CPU
		{7D013A3F-64EE-4A35-9E43-D6530EF1EF09}.Debug|Any CPU.ActiveCfg = Debug|Any CPU
		{7D013A3F-64EE-4A35-9E43-D6530EF1EF09}.Debug|Any CPU.Build.0 = Debug|Any CPU
		{7D013A3F-64EE-4A35-9E43-D6530EF1EF09}.Release|Any CPU.ActiveCfg = Release|Any CPU
		{7D013A3F-64EE-4A35-9E43-D6530EF1EF09}.Release|Any CPU.Build.0 = Release|Any CPU
		{5C50C609-96CA-4526-B9BF-D40C80ECFBA1}.Debug|Any CPU.ActiveCfg = Debug|Any CPU
		{5C50C609-96CA-4526-B9BF-D40C80ECFBA1}.Debug|Any CPU.Build.0 = Debug|Any CPU
		{5C50C609-96CA-4526-B9BF-D40C80ECFBA1}.Release|Any CPU.ActiveCfg = Release|Any CPU
		{5C50C609-96CA-4526-B9BF-D40C80ECFBA1}.Release|Any CPU.Build.0 = Release|Any CPU
		{155C9AD4-3C8F-4AD9-9D1D-6FA9A6A151D7}.Debug|Any CPU.ActiveCfg = Debug|Any CPU
		{155C9AD4-3C8F-4AD9-9D1D-6FA9A6A151D7}.Debug|Any CPU.Build.0 = Debug|Any CPU
		{155C9AD4-3C8F-4AD9-9D1D-6FA9A6A151D7}.Release|Any CPU.ActiveCfg = Release|Any CPU
		{155C9AD4-3C8F-4AD9-9D1D-6FA9A6A151D7}.Release|Any CPU.Build.0 = Release|Any CPU
		{1C3CF585-4B3F-424D-8E9B-570D4FE6EDA4}.Debug|Any CPU.ActiveCfg = Debug|Any CPU
		{1C3CF585-4B3F-424D-8E9B-570D4FE6EDA4}.Debug|Any CPU.Build.0 = Debug|Any CPU
		{1C3CF585-4B3F-424D-8E9B-570D4FE6EDA4}.Release|Any CPU.ActiveCfg = Release|Any CPU
		{1C3CF585-4B3F-424D-8E9B-570D4FE6EDA4}.Release|Any CPU.Build.0 = Release|Any CPU
		{D18DDACC-0083-4474-9CF2-1F438BC537BC}.Debug|Any CPU.ActiveCfg = Debug|Any CPU
		{D18DDACC-0083-4474-9CF2-1F438BC537BC}.Debug|Any CPU.Build.0 = Debug|Any CPU
		{D18DDACC-0083-4474-9CF2-1F438BC537BC}.Release|Any CPU.ActiveCfg = Release|Any CPU
		{D18DDACC-0083-4474-9CF2-1F438BC537BC}.Release|Any CPU.Build.0 = Release|Any CPU
		{C065FC03-B498-41FC-BF0F-04FEDD544BC3}.Debug|Any CPU.ActiveCfg = Debug|Any CPU
		{C065FC03-B498-41FC-BF0F-04FEDD544BC3}.Debug|Any CPU.Build.0 = Debug|Any CPU
		{C065FC03-B498-41FC-BF0F-04FEDD544BC3}.Release|Any CPU.ActiveCfg = Release|Any CPU
		{C065FC03-B498-41FC-BF0F-04FEDD544BC3}.Release|Any CPU.Build.0 = Release|Any CPU
		{D6E5B52C-9456-41E1-9EE8-1EDC42C2F475}.Debug|Any CPU.ActiveCfg = Debug|Any CPU
		{D6E5B52C-9456-41E1-9EE8-1EDC42C2F475}.Debug|Any CPU.Build.0 = Debug|Any CPU
		{D6E5B52C-9456-41E1-9EE8-1EDC42C2F475}.Release|Any CPU.ActiveCfg = Release|Any CPU
		{D6E5B52C-9456-41E1-9EE8-1EDC42C2F475}.Release|Any CPU.Build.0 = Release|Any CPU
		{1D6555A7-A2B4-4908-879D-0DD26FC0FC02}.Debug|Any CPU.ActiveCfg = Debug|Any CPU
		{1D6555A7-A2B4-4908-879D-0DD26FC0FC02}.Debug|Any CPU.Build.0 = Debug|Any CPU
		{1D6555A7-A2B4-4908-879D-0DD26FC0FC02}.Release|Any CPU.ActiveCfg = Release|Any CPU
		{1D6555A7-A2B4-4908-879D-0DD26FC0FC02}.Release|Any CPU.Build.0 = Release|Any CPU
		{E222DB77-F2D7-402B-97E0-83A32380D5AB}.Debug|Any CPU.ActiveCfg = Debug|Any CPU
		{E222DB77-F2D7-402B-97E0-83A32380D5AB}.Debug|Any CPU.Build.0 = Debug|Any CPU
		{E222DB77-F2D7-402B-97E0-83A32380D5AB}.Release|Any CPU.ActiveCfg = Release|Any CPU
		{E222DB77-F2D7-402B-97E0-83A32380D5AB}.Release|Any CPU.Build.0 = Release|Any CPU
		{267B6FE8-D7B2-483A-AB7A-92E914EA998D}.Debug|Any CPU.ActiveCfg = Debug|Any CPU
		{267B6FE8-D7B2-483A-AB7A-92E914EA998D}.Debug|Any CPU.Build.0 = Debug|Any CPU
		{267B6FE8-D7B2-483A-AB7A-92E914EA998D}.Release|Any CPU.ActiveCfg = Release|Any CPU
		{267B6FE8-D7B2-483A-AB7A-92E914EA998D}.Release|Any CPU.Build.0 = Release|Any CPU
		{7B694536-9590-4143-B8FC-646522061AEC}.Debug|Any CPU.ActiveCfg = Debug|Any CPU
		{7B694536-9590-4143-B8FC-646522061AEC}.Debug|Any CPU.Build.0 = Debug|Any CPU
		{7B694536-9590-4143-B8FC-646522061AEC}.Release|Any CPU.ActiveCfg = Release|Any CPU
		{7B694536-9590-4143-B8FC-646522061AEC}.Release|Any CPU.Build.0 = Release|Any CPU
		{9003D3F1-BB74-426D-8981-81F96AE716EA}.Debug|Any CPU.ActiveCfg = Debug|Any CPU
		{9003D3F1-BB74-426D-8981-81F96AE716EA}.Debug|Any CPU.Build.0 = Debug|Any CPU
		{9003D3F1-BB74-426D-8981-81F96AE716EA}.Release|Any CPU.ActiveCfg = Release|Any CPU
		{9003D3F1-BB74-426D-8981-81F96AE716EA}.Release|Any CPU.Build.0 = Release|Any CPU
		{7CF2647D-F718-4322-8305-EF079649F62B}.Debug|Any CPU.ActiveCfg = Debug|Any CPU
		{7CF2647D-F718-4322-8305-EF079649F62B}.Debug|Any CPU.Build.0 = Debug|Any CPU
		{7CF2647D-F718-4322-8305-EF079649F62B}.Release|Any CPU.ActiveCfg = Release|Any CPU
		{7CF2647D-F718-4322-8305-EF079649F62B}.Release|Any CPU.Build.0 = Release|Any CPU
		{8F17F99D-EBEF-4F75-A1BA-9028B1AB64A6}.Debug|Any CPU.ActiveCfg = Debug|Any CPU
		{8F17F99D-EBEF-4F75-A1BA-9028B1AB64A6}.Debug|Any CPU.Build.0 = Debug|Any CPU
		{8F17F99D-EBEF-4F75-A1BA-9028B1AB64A6}.Release|Any CPU.ActiveCfg = Release|Any CPU
		{8F17F99D-EBEF-4F75-A1BA-9028B1AB64A6}.Release|Any CPU.Build.0 = Release|Any CPU
		{193239FD-6391-4F29-B1CF-63C5400E5BDF}.Debug|Any CPU.ActiveCfg = Debug|Any CPU
		{193239FD-6391-4F29-B1CF-63C5400E5BDF}.Debug|Any CPU.Build.0 = Debug|Any CPU
		{193239FD-6391-4F29-B1CF-63C5400E5BDF}.Release|Any CPU.ActiveCfg = Release|Any CPU
		{193239FD-6391-4F29-B1CF-63C5400E5BDF}.Release|Any CPU.Build.0 = Release|Any CPU
		{89D29BD0-89A3-4ED3-9392-22DB744A8AB0}.Debug|Any CPU.ActiveCfg = Debug|Any CPU
		{89D29BD0-89A3-4ED3-9392-22DB744A8AB0}.Debug|Any CPU.Build.0 = Debug|Any CPU
		{89D29BD0-89A3-4ED3-9392-22DB744A8AB0}.Release|Any CPU.ActiveCfg = Release|Any CPU
		{89D29BD0-89A3-4ED3-9392-22DB744A8AB0}.Release|Any CPU.Build.0 = Release|Any CPU
		{B71EA776-82F4-4760-8E45-EF639178C729}.Debug|Any CPU.ActiveCfg = Debug|Any CPU
		{B71EA776-82F4-4760-8E45-EF639178C729}.Debug|Any CPU.Build.0 = Debug|Any CPU
		{B71EA776-82F4-4760-8E45-EF639178C729}.Release|Any CPU.ActiveCfg = Release|Any CPU
		{B71EA776-82F4-4760-8E45-EF639178C729}.Release|Any CPU.Build.0 = Release|Any CPU
		{BE1F7841-6727-4780-97E2-8B7D9A37593D}.Debug|Any CPU.ActiveCfg = Debug|Any CPU
		{BE1F7841-6727-4780-97E2-8B7D9A37593D}.Debug|Any CPU.Build.0 = Debug|Any CPU
		{BE1F7841-6727-4780-97E2-8B7D9A37593D}.Release|Any CPU.ActiveCfg = Release|Any CPU
		{BE1F7841-6727-4780-97E2-8B7D9A37593D}.Release|Any CPU.Build.0 = Release|Any CPU
		{FFF6BCF2-F670-4637-9088-FA3963DF1B16}.Debug|Any CPU.ActiveCfg = Debug|Any CPU
		{FFF6BCF2-F670-4637-9088-FA3963DF1B16}.Debug|Any CPU.Build.0 = Debug|Any CPU
		{FFF6BCF2-F670-4637-9088-FA3963DF1B16}.Release|Any CPU.ActiveCfg = Release|Any CPU
		{FFF6BCF2-F670-4637-9088-FA3963DF1B16}.Release|Any CPU.Build.0 = Release|Any CPU
		{1FAB2680-C8D0-48BA-BBF5-6E9AC1601040}.Debug|Any CPU.ActiveCfg = Debug|Any CPU
		{1FAB2680-C8D0-48BA-BBF5-6E9AC1601040}.Debug|Any CPU.Build.0 = Debug|Any CPU
		{1FAB2680-C8D0-48BA-BBF5-6E9AC1601040}.Release|Any CPU.ActiveCfg = Release|Any CPU
		{1FAB2680-C8D0-48BA-BBF5-6E9AC1601040}.Release|Any CPU.Build.0 = Release|Any CPU
		{781BA505-8165-4DDB-BF05-29D1972A2175}.Debug|Any CPU.ActiveCfg = Debug|Any CPU
		{781BA505-8165-4DDB-BF05-29D1972A2175}.Debug|Any CPU.Build.0 = Debug|Any CPU
		{781BA505-8165-4DDB-BF05-29D1972A2175}.Release|Any CPU.ActiveCfg = Release|Any CPU
		{781BA505-8165-4DDB-BF05-29D1972A2175}.Release|Any CPU.Build.0 = Release|Any CPU
		{588F736D-7033-49FF-B67C-8FE14ACC7DEA}.Debug|Any CPU.ActiveCfg = Debug|Any CPU
		{588F736D-7033-49FF-B67C-8FE14ACC7DEA}.Debug|Any CPU.Build.0 = Debug|Any CPU
		{588F736D-7033-49FF-B67C-8FE14ACC7DEA}.Release|Any CPU.ActiveCfg = Release|Any CPU
		{588F736D-7033-49FF-B67C-8FE14ACC7DEA}.Release|Any CPU.Build.0 = Release|Any CPU
		{9A0C84BB-DDE9-42B4-B93F-1F2660AEFAAE}.Debug|Any CPU.ActiveCfg = Debug|Any CPU
		{9A0C84BB-DDE9-42B4-B93F-1F2660AEFAAE}.Debug|Any CPU.Build.0 = Debug|Any CPU
		{9A0C84BB-DDE9-42B4-B93F-1F2660AEFAAE}.Release|Any CPU.ActiveCfg = Release|Any CPU
		{9A0C84BB-DDE9-42B4-B93F-1F2660AEFAAE}.Release|Any CPU.Build.0 = Release|Any CPU
		{BF5AE0CC-4485-4C7A-AE81-3E1B55006E2F}.Debug|Any CPU.ActiveCfg = Debug|Any CPU
		{BF5AE0CC-4485-4C7A-AE81-3E1B55006E2F}.Debug|Any CPU.Build.0 = Debug|Any CPU
		{BF5AE0CC-4485-4C7A-AE81-3E1B55006E2F}.Release|Any CPU.ActiveCfg = Release|Any CPU
		{BF5AE0CC-4485-4C7A-AE81-3E1B55006E2F}.Release|Any CPU.Build.0 = Release|Any CPU
		{9A825C7A-82F6-446E-B5A5-848661EF90B8}.Debug|Any CPU.ActiveCfg = Debug|Any CPU
		{9A825C7A-82F6-446E-B5A5-848661EF90B8}.Debug|Any CPU.Build.0 = Debug|Any CPU
		{9A825C7A-82F6-446E-B5A5-848661EF90B8}.Release|Any CPU.ActiveCfg = Release|Any CPU
		{9A825C7A-82F6-446E-B5A5-848661EF90B8}.Release|Any CPU.Build.0 = Release|Any CPU
		{9DED3E2C-6805-44DB-B4AE-E5436CDD24B3}.Debug|Any CPU.ActiveCfg = Debug|Any CPU
		{9DED3E2C-6805-44DB-B4AE-E5436CDD24B3}.Debug|Any CPU.Build.0 = Debug|Any CPU
		{9DED3E2C-6805-44DB-B4AE-E5436CDD24B3}.Release|Any CPU.ActiveCfg = Release|Any CPU
		{9DED3E2C-6805-44DB-B4AE-E5436CDD24B3}.Release|Any CPU.Build.0 = Release|Any CPU
		{E692EB6D-3F1F-4C15-8777-690D54455932}.Debug|Any CPU.ActiveCfg = Debug|Any CPU
		{E692EB6D-3F1F-4C15-8777-690D54455932}.Debug|Any CPU.Build.0 = Debug|Any CPU
		{E692EB6D-3F1F-4C15-8777-690D54455932}.Release|Any CPU.ActiveCfg = Release|Any CPU
		{E692EB6D-3F1F-4C15-8777-690D54455932}.Release|Any CPU.Build.0 = Release|Any CPU
		{5937E8DF-3164-4F80-AF4E-BB351E267113}.Debug|Any CPU.ActiveCfg = Debug|Any CPU
		{5937E8DF-3164-4F80-AF4E-BB351E267113}.Debug|Any CPU.Build.0 = Debug|Any CPU
		{5937E8DF-3164-4F80-AF4E-BB351E267113}.Release|Any CPU.ActiveCfg = Release|Any CPU
		{5937E8DF-3164-4F80-AF4E-BB351E267113}.Release|Any CPU.Build.0 = Release|Any CPU
		{DD08793A-6B10-4F53-9456-0739C0106CF4}.Debug|Any CPU.ActiveCfg = Debug|Any CPU
		{DD08793A-6B10-4F53-9456-0739C0106CF4}.Debug|Any CPU.Build.0 = Debug|Any CPU
		{DD08793A-6B10-4F53-9456-0739C0106CF4}.Release|Any CPU.ActiveCfg = Release|Any CPU
		{DD08793A-6B10-4F53-9456-0739C0106CF4}.Release|Any CPU.Build.0 = Release|Any CPU
		{B376D2E2-9C8E-4ED2-A093-870CA368289B}.Debug|Any CPU.ActiveCfg = Debug|Any CPU
		{B376D2E2-9C8E-4ED2-A093-870CA368289B}.Debug|Any CPU.Build.0 = Debug|Any CPU
		{B376D2E2-9C8E-4ED2-A093-870CA368289B}.Release|Any CPU.ActiveCfg = Release|Any CPU
		{B376D2E2-9C8E-4ED2-A093-870CA368289B}.Release|Any CPU.Build.0 = Release|Any CPU
		{12CA991B-404D-422B-B372-72D6FFE8CCD0}.Debug|Any CPU.ActiveCfg = Debug|Any CPU
		{12CA991B-404D-422B-B372-72D6FFE8CCD0}.Debug|Any CPU.Build.0 = Debug|Any CPU
		{12CA991B-404D-422B-B372-72D6FFE8CCD0}.Release|Any CPU.ActiveCfg = Release|Any CPU
		{12CA991B-404D-422B-B372-72D6FFE8CCD0}.Release|Any CPU.Build.0 = Release|Any CPU
		{C8259686-2FF0-4FDF-AAD4-5989F17523C5}.Debug|Any CPU.ActiveCfg = Debug|Any CPU
		{C8259686-2FF0-4FDF-AAD4-5989F17523C5}.Debug|Any CPU.Build.0 = Debug|Any CPU
		{C8259686-2FF0-4FDF-AAD4-5989F17523C5}.Release|Any CPU.ActiveCfg = Release|Any CPU
		{C8259686-2FF0-4FDF-AAD4-5989F17523C5}.Release|Any CPU.Build.0 = Release|Any CPU
		{83D72377-7114-443C-A313-29FE116BC057}.Debug|Any CPU.ActiveCfg = Debug|Any CPU
		{83D72377-7114-443C-A313-29FE116BC057}.Debug|Any CPU.Build.0 = Debug|Any CPU
		{83D72377-7114-443C-A313-29FE116BC057}.Release|Any CPU.ActiveCfg = Release|Any CPU
		{83D72377-7114-443C-A313-29FE116BC057}.Release|Any CPU.Build.0 = Release|Any CPU
		{3AC7D654-9F06-40FA-9A33-F34E123C45E6}.Debug|Any CPU.ActiveCfg = Debug|Any CPU
		{3AC7D654-9F06-40FA-9A33-F34E123C45E6}.Debug|Any CPU.Build.0 = Debug|Any CPU
		{3AC7D654-9F06-40FA-9A33-F34E123C45E6}.Release|Any CPU.ActiveCfg = Release|Any CPU
		{3AC7D654-9F06-40FA-9A33-F34E123C45E6}.Release|Any CPU.Build.0 = Release|Any CPU
		{A704FE72-7D5B-4865-995E-11AE93AAED98}.Debug|Any CPU.ActiveCfg = Debug|Any CPU
		{A704FE72-7D5B-4865-995E-11AE93AAED98}.Debug|Any CPU.Build.0 = Debug|Any CPU
		{A704FE72-7D5B-4865-995E-11AE93AAED98}.Release|Any CPU.ActiveCfg = Release|Any CPU
		{A704FE72-7D5B-4865-995E-11AE93AAED98}.Release|Any CPU.Build.0 = Release|Any CPU
		{A3A30B6D-C623-4148-9EC4-41CAB2F7BB25}.Debug|Any CPU.ActiveCfg = Debug|Any CPU
		{A3A30B6D-C623-4148-9EC4-41CAB2F7BB25}.Debug|Any CPU.Build.0 = Debug|Any CPU
		{A3A30B6D-C623-4148-9EC4-41CAB2F7BB25}.Release|Any CPU.ActiveCfg = Release|Any CPU
		{A3A30B6D-C623-4148-9EC4-41CAB2F7BB25}.Release|Any CPU.Build.0 = Release|Any CPU
		{E2C7CE7A-13EA-4C8E-ACB1-54C6AA2253F7}.Debug|Any CPU.ActiveCfg = Debug|Any CPU
		{E2C7CE7A-13EA-4C8E-ACB1-54C6AA2253F7}.Debug|Any CPU.Build.0 = Debug|Any CPU
		{E2C7CE7A-13EA-4C8E-ACB1-54C6AA2253F7}.Release|Any CPU.ActiveCfg = Release|Any CPU
		{E2C7CE7A-13EA-4C8E-ACB1-54C6AA2253F7}.Release|Any CPU.Build.0 = Release|Any CPU
		{22B11074-3039-4E9A-8691-C5B03638EB72}.Debug|Any CPU.ActiveCfg = Debug|Any CPU
		{22B11074-3039-4E9A-8691-C5B03638EB72}.Debug|Any CPU.Build.0 = Debug|Any CPU
		{22B11074-3039-4E9A-8691-C5B03638EB72}.Release|Any CPU.ActiveCfg = Release|Any CPU
		{22B11074-3039-4E9A-8691-C5B03638EB72}.Release|Any CPU.Build.0 = Release|Any CPU
		{C6C108B9-8493-4BA0-B420-4ED180EB149D}.Debug|Any CPU.ActiveCfg = Debug|Any CPU
		{C6C108B9-8493-4BA0-B420-4ED180EB149D}.Debug|Any CPU.Build.0 = Debug|Any CPU
		{C6C108B9-8493-4BA0-B420-4ED180EB149D}.Release|Any CPU.ActiveCfg = Release|Any CPU
		{C6C108B9-8493-4BA0-B420-4ED180EB149D}.Release|Any CPU.Build.0 = Release|Any CPU
	EndGlobalSection
	GlobalSection(SolutionProperties) = preSolution
		HideSolutionNode = FALSE
	EndGlobalSection
	GlobalSection(NestedProjects) = preSolution
		{4C6A1CEE-EE77-44EB-B374-43D6D27BF6A4} = {A22A02E7-92B0-4C0A-8576-2B4A2F064952}
		{BA22152E-D283-4CB1-85FB-8F9EB6B4FEB7} = {4C6A1CEE-EE77-44EB-B374-43D6D27BF6A4}
		{CA55674E-52DD-472C-B8AD-2611D2EC47AC} = {A22A02E7-92B0-4C0A-8576-2B4A2F064952}
		{22B4990E-806F-43FC-868A-9B1BD5290E6F} = {BA22152E-D283-4CB1-85FB-8F9EB6B4FEB7}
		{86B80E18-A8C5-4648-B237-584156ACDAF8} = {CA55674E-52DD-472C-B8AD-2611D2EC47AC}
		{15EA25CA-43A5-4DF9-A1EB-34124555FC99} = {BA22152E-D283-4CB1-85FB-8F9EB6B4FEB7}
		{D396518F-C384-427C-89DB-106A9A52D49A} = {604A6330-9819-4CB1-AABF-EE5151F8011B}
		{81659BC8-6D6E-431F-B660-F4A8AE50BC39} = {604A6330-9819-4CB1-AABF-EE5151F8011B}
		{A65A532C-1EB9-463A-A628-1AD90182DA4F} = {BA22152E-D283-4CB1-85FB-8F9EB6B4FEB7}
		{7D013A3F-64EE-4A35-9E43-D6530EF1EF09} = {BA22152E-D283-4CB1-85FB-8F9EB6B4FEB7}
		{60896CB6-9C91-4F42-9E58-9862E48EEA34} = {4C6A1CEE-EE77-44EB-B374-43D6D27BF6A4}
		{5C50C609-96CA-4526-B9BF-D40C80ECFBA1} = {60896CB6-9C91-4F42-9E58-9862E48EEA34}
		{155C9AD4-3C8F-4AD9-9D1D-6FA9A6A151D7} = {604A6330-9819-4CB1-AABF-EE5151F8011B}
		{1C3CF585-4B3F-424D-8E9B-570D4FE6EDA4} = {604A6330-9819-4CB1-AABF-EE5151F8011B}
		{D18DDACC-0083-4474-9CF2-1F438BC537BC} = {60896CB6-9C91-4F42-9E58-9862E48EEA34}
		{C065FC03-B498-41FC-BF0F-04FEDD544BC3} = {60896CB6-9C91-4F42-9E58-9862E48EEA34}
		{D6E5B52C-9456-41E1-9EE8-1EDC42C2F475} = {604A6330-9819-4CB1-AABF-EE5151F8011B}
		{1D6555A7-A2B4-4908-879D-0DD26FC0FC02} = {604A6330-9819-4CB1-AABF-EE5151F8011B}
		{E222DB77-F2D7-402B-97E0-83A32380D5AB} = {604A6330-9819-4CB1-AABF-EE5151F8011B}
		{267B6FE8-D7B2-483A-AB7A-92E914EA998D} = {604A6330-9819-4CB1-AABF-EE5151F8011B}
		{7B694536-9590-4143-B8FC-646522061AEC} = {3430F126-07B1-4FA0-814D-3F0D47B15D1C}
		{9003D3F1-BB74-426D-8981-81F96AE716EA} = {604A6330-9819-4CB1-AABF-EE5151F8011B}
		{7CF2647D-F718-4322-8305-EF079649F62B} = {60896CB6-9C91-4F42-9E58-9862E48EEA34}
		{8F17F99D-EBEF-4F75-A1BA-9028B1AB64A6} = {CA55674E-52DD-472C-B8AD-2611D2EC47AC}
		{193239FD-6391-4F29-B1CF-63C5400E5BDF} = {60896CB6-9C91-4F42-9E58-9862E48EEA34}
		{89D29BD0-89A3-4ED3-9392-22DB744A8AB0} = {60896CB6-9C91-4F42-9E58-9862E48EEA34}
		{55076957-E554-4451-9DA9-34766675EE8C} = {A22A02E7-92B0-4C0A-8576-2B4A2F064952}
		{B71EA776-82F4-4760-8E45-EF639178C729} = {55076957-E554-4451-9DA9-34766675EE8C}
		{BE1F7841-6727-4780-97E2-8B7D9A37593D} = {55076957-E554-4451-9DA9-34766675EE8C}
		{FFF6BCF2-F670-4637-9088-FA3963DF1B16} = {55076957-E554-4451-9DA9-34766675EE8C}
		{3430F126-07B1-4FA0-814D-3F0D47B15D1C} = {4C6A1CEE-EE77-44EB-B374-43D6D27BF6A4}
		{1FAB2680-C8D0-48BA-BBF5-6E9AC1601040} = {3430F126-07B1-4FA0-814D-3F0D47B15D1C}
		{781BA505-8165-4DDB-BF05-29D1972A2175} = {3430F126-07B1-4FA0-814D-3F0D47B15D1C}
		{4E6A0D30-62CA-49A7-942B-1A7F5852A92A} = {4C6A1CEE-EE77-44EB-B374-43D6D27BF6A4}
		{604A6330-9819-4CB1-AABF-EE5151F8011B} = {4C6A1CEE-EE77-44EB-B374-43D6D27BF6A4}
		{588F736D-7033-49FF-B67C-8FE14ACC7DEA} = {4C6A1CEE-EE77-44EB-B374-43D6D27BF6A4}
		{9A0C84BB-DDE9-42B4-B93F-1F2660AEFAAE} = {4C6A1CEE-EE77-44EB-B374-43D6D27BF6A4}
		{BF5AE0CC-4485-4C7A-AE81-3E1B55006E2F} = {CA55674E-52DD-472C-B8AD-2611D2EC47AC}
		{9A825C7A-82F6-446E-B5A5-848661EF90B8} = {4C6A1CEE-EE77-44EB-B374-43D6D27BF6A4}
		{9DED3E2C-6805-44DB-B4AE-E5436CDD24B3} = {4E6A0D30-62CA-49A7-942B-1A7F5852A92A}
		{E692EB6D-3F1F-4C15-8777-690D54455932} = {4E6A0D30-62CA-49A7-942B-1A7F5852A92A}
		{5937E8DF-3164-4F80-AF4E-BB351E267113} = {4E6A0D30-62CA-49A7-942B-1A7F5852A92A}
		{64324BB2-C770-46BD-853E-E075D64A5BB3} = {4C6A1CEE-EE77-44EB-B374-43D6D27BF6A4}
		{DD08793A-6B10-4F53-9456-0739C0106CF4} = {64324BB2-C770-46BD-853E-E075D64A5BB3}
		{B376D2E2-9C8E-4ED2-A093-870CA368289B} = {64324BB2-C770-46BD-853E-E075D64A5BB3}
		{12CA991B-404D-422B-B372-72D6FFE8CCD0} = {CA55674E-52DD-472C-B8AD-2611D2EC47AC}
		{C8259686-2FF0-4FDF-AAD4-5989F17523C5} = {CA55674E-52DD-472C-B8AD-2611D2EC47AC}
		{39659AEB-30CD-483C-837A-C1D4DDB0AADE} = {A22A02E7-92B0-4C0A-8576-2B4A2F064952}
		{0A9C407F-0BEF-4177-BFBE-C2B9CB3DC8FF} = {A22A02E7-92B0-4C0A-8576-2B4A2F064952}
		{83D72377-7114-443C-A313-29FE116BC057} = {0A9C407F-0BEF-4177-BFBE-C2B9CB3DC8FF}
		{3AC7D654-9F06-40FA-9A33-F34E123C45E6} = {0A9C407F-0BEF-4177-BFBE-C2B9CB3DC8FF}
		{A704FE72-7D5B-4865-995E-11AE93AAED98} = {0A9C407F-0BEF-4177-BFBE-C2B9CB3DC8FF}
		{A3A30B6D-C623-4148-9EC4-41CAB2F7BB25} = {39659AEB-30CD-483C-837A-C1D4DDB0AADE}
		{E2C7CE7A-13EA-4C8E-ACB1-54C6AA2253F7} = {CA55674E-52DD-472C-B8AD-2611D2EC47AC}
		{22B11074-3039-4E9A-8691-C5B03638EB72} = {CA55674E-52DD-472C-B8AD-2611D2EC47AC}
		{C6C108B9-8493-4BA0-B420-4ED180EB149D} = {0A9C407F-0BEF-4177-BFBE-C2B9CB3DC8FF}
	EndGlobalSection
	GlobalSection(ExtensibilityGlobals) = postSolution
		SolutionGuid = {898A87EC-3DDA-4ED8-92A9-C78FE4A09796}
	EndGlobalSection
EndGlobal
